
Microsoft Visual Studio Solution File, Format Version 12.00
# Visual Studio 15
VisualStudioVersion = 15.0.27703.2047
MinimumVisualStudioVersion = 10.0.40219.1
Project("{FAE04EC0-301F-11D3-BF4B-00C04F79EFBC}") = "GPAutoScroll", "GPAutoScroll\GPAutoScroll.csproj", "{E70FB61B-80F3-447E-AC36-881B28AB78EC}"
EndProject
Global
	GlobalSection(SolutionConfigurationPlatforms) = preSolution
		Debug|Any CPU = Debug|Any CPU
		Release|Any CPU = Release|Any CPU
	EndGlobalSection
	GlobalSection(ProjectConfigurationPlatforms) = postSolution
		{E70FB61B-80F3-447E-AC36-881B28AB78EC}.Debug|Any CPU.ActiveCfg = Debug|Any CPU
		{E70FB61B-80F3-447E-AC36-881B28AB78EC}.Debug|Any CPU.Build.0 = Debug|Any CPU
		{E70FB61B-80F3-447E-AC36-881B28AB78EC}.Release|Any CPU.ActiveCfg = Release|Any CPU
		{E70FB61B-80F3-447E-AC36-881B28AB78EC}.Release|Any CPU.Build.0 = Release|Any CPU
	EndGlobalSection
	GlobalSection(SolutionProperties) = preSolution
		HideSolutionNode = FALSE
	EndGlobalSection
	GlobalSection(ExtensibilityGlobals) = postSolution
		SolutionGuid = {DB130A75-95DA-42A1-AF92-F481C7B50A7D}
	EndGlobalSection
EndGlobal
